
Microsoft Visual Studio Solution File, Format Version 12.00
# Visual Studio Version 17
VisualStudioVersion = 17.2.32505.173
MinimumVisualStudioVersion = 10.0.40219.1
Project("{FAE04EC0-301F-11D3-BF4B-00C04F79EFBC}") = "GameBacklogger", "GameBacklogger\GameBacklogger.csproj", "{CEBCD691-55FF-498C-B738-CCC80DC28A27}"
EndProject
Global
	GlobalSection(SolutionConfigurationPlatforms) = preSolution
		Debug|Any CPU = Debug|Any CPU
		Release|Any CPU = Release|Any CPU
	EndGlobalSection
	GlobalSection(ProjectConfigurationPlatforms) = postSolution
		{CEBCD691-55FF-498C-B738-CCC80DC28A27}.Debug|Any CPU.ActiveCfg = Debug|Any CPU
		{CEBCD691-55FF-498C-B738-CCC80DC28A27}.Debug|Any CPU.Build.0 = Debug|Any CPU
		{CEBCD691-55FF-498C-B738-CCC80DC28A27}.Release|Any CPU.ActiveCfg = Release|Any CPU
		{CEBCD691-55FF-498C-B738-CCC80DC28A27}.Release|Any CPU.Build.0 = Release|Any CPU
	EndGlobalSection
	GlobalSection(SolutionProperties) = preSolution
		HideSolutionNode = FALSE
	EndGlobalSection
	GlobalSection(ExtensibilityGlobals) = postSolution
		SolutionGuid = {755ABED6-68FE-4648-9B8E-2067AFB06A90}
	EndGlobalSection
EndGlobal
